// !$*UTF8*$!
{
	archiveVersion = 1;
	classes = {
	};
	objectVersion = 51;
	objects = {

/* Begin PBXBuildFile section */
		21A9B3990F39FE8363454C88 /* Pods_plandayTests.framework in Frameworks */ = {isa = PBXBuildFile; fileRef = 4D1B6DBE6937DF67D5F4EB43 /* Pods_plandayTests.framework */; };
		4D144D7225464A1A0005BFAC /* EmployeeDataViewModel.swift in Sources */ = {isa = PBXBuildFile; fileRef = 4D144D7125464A1A0005BFAC /* EmployeeDataViewModel.swift */; };
		4D2C685B2539E78000B7DB26 /* DepartmentModel.swift in Sources */ = {isa = PBXBuildFile; fileRef = 4D2C685A2539E78000B7DB26 /* DepartmentModel.swift */; };
		4D2C6871253CDD6200B7DB26 /* EmployeeListViewModel.swift in Sources */ = {isa = PBXBuildFile; fileRef = 4D2C6870253CDD6200B7DB26 /* EmployeeListViewModel.swift */; };
		4D2C6876253CDE1600B7DB26 /* DepartmentsService.swift in Sources */ = {isa = PBXBuildFile; fileRef = 4D2C6875253CDE1600B7DB26 /* DepartmentsService.swift */; };
		4D2C687B253CDE2C00B7DB26 /* EmployeeService.swift in Sources */ = {isa = PBXBuildFile; fileRef = 4D2C687A253CDE2C00B7DB26 /* EmployeeService.swift */; };
		4D2C68992543481C00B7DB26 /* DetailViewController.swift in Sources */ = {isa = PBXBuildFile; fileRef = 4D2C68982543481C00B7DB26 /* DetailViewController.swift */; };
		4D2C689E2545FBC800B7DB26 /* EmployeeData.swift in Sources */ = {isa = PBXBuildFile; fileRef = 4D2C689D2545FBC800B7DB26 /* EmployeeData.swift */; };
		4D2C68AB2546049800B7DB26 /* EmployeeInfoService.swift in Sources */ = {isa = PBXBuildFile; fileRef = 4D2C68AA2546049800B7DB26 /* EmployeeInfoService.swift */; };
		4D96889C25271D460020E981 /* AppDelegate.swift in Sources */ = {isa = PBXBuildFile; fileRef = 4D96889B25271D460020E981 /* AppDelegate.swift */; };
		4D96889E25271D460020E981 /* SceneDelegate.swift in Sources */ = {isa = PBXBuildFile; fileRef = 4D96889D25271D460020E981 /* SceneDelegate.swift */; };
		4D9688A025271D460020E981 /* ViewController.swift in Sources */ = {isa = PBXBuildFile; fileRef = 4D96889F25271D460020E981 /* ViewController.swift */; };
		4D9688A325271D460020E981 /* Main.storyboard in Resources */ = {isa = PBXBuildFile; fileRef = 4D9688A125271D460020E981 /* Main.storyboard */; };
		4D9688A525271D470020E981 /* Assets.xcassets in Resources */ = {isa = PBXBuildFile; fileRef = 4D9688A425271D470020E981 /* Assets.xcassets */; };
		4D9688A825271D470020E981 /* LaunchScreen.storyboard in Resources */ = {isa = PBXBuildFile; fileRef = 4D9688A625271D470020E981 /* LaunchScreen.storyboard */; };
		4D9688B325271D470020E981 /* plandayTests.swift in Sources */ = {isa = PBXBuildFile; fileRef = 4D9688B225271D470020E981 /* plandayTests.swift */; };
		4D9688BE25271D470020E981 /* plandayUITests.swift in Sources */ = {isa = PBXBuildFile; fileRef = 4D9688BD25271D470020E981 /* plandayUITests.swift */; };
		4D9688D925271EED0020E981 /* conf.swift in Sources */ = {isa = PBXBuildFile; fileRef = 4D9688D825271EED0020E981 /* conf.swift */; };
		4D9688DE25271F640020E981 /* TokenInfo.swift in Sources */ = {isa = PBXBuildFile; fileRef = 4D9688DD25271F640020E981 /* TokenInfo.swift */; };
		4D9688E3252D2BB60020E981 /* EmployeeCell.swift in Sources */ = {isa = PBXBuildFile; fileRef = 4D9688E2252D2BB50020E981 /* EmployeeCell.swift */; };
		4DA8B2D0252FE6CC003AF6A9 /* extension.swift in Sources */ = {isa = PBXBuildFile; fileRef = 4DA8B2CF252FE6CC003AF6A9 /* extension.swift */; };
		4DA8B2D5253549BD003AF6A9 /* EmployeeList.swift in Sources */ = {isa = PBXBuildFile; fileRef = 4DA8B2D4253549BD003AF6A9 /* EmployeeList.swift */; };
		7BDBADE31A21287AE1229D02 /* Pods_planday.framework in Frameworks */ = {isa = PBXBuildFile; fileRef = 432482668A37576A875506C5 /* Pods_planday.framework */; };
		8ED413A97DADA593D2010690 /* Pods_planday_plandayUITests.framework in Frameworks */ = {isa = PBXBuildFile; fileRef = 48AE3C9401FC3F7726F61C7D /* Pods_planday_plandayUITests.framework */; };
/* End PBXBuildFile section */

/* Begin PBXContainerItemProxy section */
		4D9688AF25271D470020E981 /* PBXContainerItemProxy */ = {
			isa = PBXContainerItemProxy;
			containerPortal = 4D96889025271D460020E981 /* Project object */;
			proxyType = 1;
			remoteGlobalIDString = 4D96889725271D460020E981;
			remoteInfo = planday;
		};
		4D9688BA25271D470020E981 /* PBXContainerItemProxy */ = {
			isa = PBXContainerItemProxy;
			containerPortal = 4D96889025271D460020E981 /* Project object */;
			proxyType = 1;
			remoteGlobalIDString = 4D96889725271D460020E981;
			remoteInfo = planday;
		};
/* End PBXContainerItemProxy section */

/* Begin PBXFileReference section */
		432482668A37576A875506C5 /* Pods_planday.framework */ = {isa = PBXFileReference; explicitFileType = wrapper.framework; includeInIndex = 0; path = Pods_planday.framework; sourceTree = BUILT_PRODUCTS_DIR; };
		4607E926D3780EDC7D312F67 /* Pods-plandayTests.release.xcconfig */ = {isa = PBXFileReference; includeInIndex = 1; lastKnownFileType = text.xcconfig; name = "Pods-plandayTests.release.xcconfig"; path = "Target Support Files/Pods-plandayTests/Pods-plandayTests.release.xcconfig"; sourceTree = "<group>"; };
		48AE3C9401FC3F7726F61C7D /* Pods_planday_plandayUITests.framework */ = {isa = PBXFileReference; explicitFileType = wrapper.framework; includeInIndex = 0; path = Pods_planday_plandayUITests.framework; sourceTree = BUILT_PRODUCTS_DIR; };
		4D144D7125464A1A0005BFAC /* EmployeeDataViewModel.swift */ = {isa = PBXFileReference; lastKnownFileType = sourcecode.swift; path = EmployeeDataViewModel.swift; sourceTree = "<group>"; };
		4D1B6DBE6937DF67D5F4EB43 /* Pods_plandayTests.framework */ = {isa = PBXFileReference; explicitFileType = wrapper.framework; includeInIndex = 0; path = Pods_plandayTests.framework; sourceTree = BUILT_PRODUCTS_DIR; };
		4D2C685A2539E78000B7DB26 /* DepartmentModel.swift */ = {isa = PBXFileReference; lastKnownFileType = sourcecode.swift; path = DepartmentModel.swift; sourceTree = "<group>"; };
		4D2C6870253CDD6200B7DB26 /* EmployeeListViewModel.swift */ = {isa = PBXFileReference; lastKnownFileType = sourcecode.swift; path = EmployeeListViewModel.swift; sourceTree = "<group>"; };
		4D2C6875253CDE1600B7DB26 /* DepartmentsService.swift */ = {isa = PBXFileReference; lastKnownFileType = sourcecode.swift; name = DepartmentsService.swift; path = /Users/mk/xcodeprojects/planday/planday/Model/DepartmentsService.swift; sourceTree = "<absolute>"; };
		4D2C687A253CDE2C00B7DB26 /* EmployeeService.swift */ = {isa = PBXFileReference; lastKnownFileType = sourcecode.swift; path = EmployeeService.swift; sourceTree = "<group>"; };
		4D2C68982543481C00B7DB26 /* DetailViewController.swift */ = {isa = PBXFileReference; lastKnownFileType = sourcecode.swift; name = DetailViewController.swift; path = View/DetailViewController.swift; sourceTree = "<group>"; };
		4D2C689D2545FBC800B7DB26 /* EmployeeData.swift */ = {isa = PBXFileReference; lastKnownFileType = sourcecode.swift; path = EmployeeData.swift; sourceTree = "<group>"; };
		4D2C68AA2546049800B7DB26 /* EmployeeInfoService.swift */ = {isa = PBXFileReference; lastKnownFileType = sourcecode.swift; path = EmployeeInfoService.swift; sourceTree = "<group>"; };
		4D96889825271D460020E981 /* planday.app */ = {isa = PBXFileReference; explicitFileType = wrapper.application; includeInIndex = 0; path = planday.app; sourceTree = BUILT_PRODUCTS_DIR; };
		4D96889B25271D460020E981 /* AppDelegate.swift */ = {isa = PBXFileReference; lastKnownFileType = sourcecode.swift; path = AppDelegate.swift; sourceTree = "<group>"; };
		4D96889D25271D460020E981 /* SceneDelegate.swift */ = {isa = PBXFileReference; lastKnownFileType = sourcecode.swift; path = SceneDelegate.swift; sourceTree = "<group>"; };
		4D96889F25271D460020E981 /* ViewController.swift */ = {isa = PBXFileReference; lastKnownFileType = sourcecode.swift; path = ViewController.swift; sourceTree = "<group>"; };
		4D9688A225271D460020E981 /* Base */ = {isa = PBXFileReference; lastKnownFileType = file.storyboard; name = Base; path = Base.lproj/Main.storyboard; sourceTree = "<group>"; };
		4D9688A425271D470020E981 /* Assets.xcassets */ = {isa = PBXFileReference; lastKnownFileType = folder.assetcatalog; path = Assets.xcassets; sourceTree = "<group>"; };
		4D9688A725271D470020E981 /* Base */ = {isa = PBXFileReference; lastKnownFileType = file.storyboard; name = Base; path = Base.lproj/LaunchScreen.storyboard; sourceTree = "<group>"; };
		4D9688A925271D470020E981 /* Info.plist */ = {isa = PBXFileReference; lastKnownFileType = text.plist.xml; path = Info.plist; sourceTree = "<group>"; };
		4D9688AE25271D470020E981 /* plandayTests.xctest */ = {isa = PBXFileReference; explicitFileType = wrapper.cfbundle; includeInIndex = 0; path = plandayTests.xctest; sourceTree = BUILT_PRODUCTS_DIR; };
		4D9688B225271D470020E981 /* plandayTests.swift */ = {isa = PBXFileReference; lastKnownFileType = sourcecode.swift; path = plandayTests.swift; sourceTree = "<group>"; };
		4D9688B425271D470020E981 /* Info.plist */ = {isa = PBXFileReference; lastKnownFileType = text.plist.xml; path = Info.plist; sourceTree = "<group>"; };
		4D9688B925271D470020E981 /* plandayUITests.xctest */ = {isa = PBXFileReference; explicitFileType = wrapper.cfbundle; includeInIndex = 0; path = plandayUITests.xctest; sourceTree = BUILT_PRODUCTS_DIR; };
		4D9688BD25271D470020E981 /* plandayUITests.swift */ = {isa = PBXFileReference; lastKnownFileType = sourcecode.swift; path = plandayUITests.swift; sourceTree = "<group>"; };
		4D9688BF25271D470020E981 /* Info.plist */ = {isa = PBXFileReference; lastKnownFileType = text.plist.xml; path = Info.plist; sourceTree = "<group>"; };
		4D9688D825271EED0020E981 /* conf.swift */ = {isa = PBXFileReference; fileEncoding = 4; lastKnownFileType = sourcecode.swift; path = conf.swift; sourceTree = "<group>"; };
		4D9688DD25271F640020E981 /* TokenInfo.swift */ = {isa = PBXFileReference; fileEncoding = 4; lastKnownFileType = sourcecode.swift; path = TokenInfo.swift; sourceTree = "<group>"; };
		4D9688E2252D2BB50020E981 /* EmployeeCell.swift */ = {isa = PBXFileReference; lastKnownFileType = sourcecode.swift; path = EmployeeCell.swift; sourceTree = "<group>"; };
		4DA8B2CF252FE6CC003AF6A9 /* extension.swift */ = {isa = PBXFileReference; lastKnownFileType = sourcecode.swift; name = extension.swift; path = /Users/mk/xcodeprojects/planday/extension.swift; sourceTree = "<absolute>"; };
		4DA8B2D4253549BD003AF6A9 /* EmployeeList.swift */ = {isa = PBXFileReference; lastKnownFileType = sourcecode.swift; path = EmployeeList.swift; sourceTree = "<group>"; };
		7B4FF6EEFB1D790BABA5C6FC /* Pods-planday-plandayUITests.debug.xcconfig */ = {isa = PBXFileReference; includeInIndex = 1; lastKnownFileType = text.xcconfig; name = "Pods-planday-plandayUITests.debug.xcconfig"; path = "Target Support Files/Pods-planday-plandayUITests/Pods-planday-plandayUITests.debug.xcconfig"; sourceTree = "<group>"; };
		874D7CC2DD096592D3DA3A5C /* Pods-planday.debug.xcconfig */ = {isa = PBXFileReference; includeInIndex = 1; lastKnownFileType = text.xcconfig; name = "Pods-planday.debug.xcconfig"; path = "Target Support Files/Pods-planday/Pods-planday.debug.xcconfig"; sourceTree = "<group>"; };
		C12A75F314DF8D6649E82080 /* Pods-planday.release.xcconfig */ = {isa = PBXFileReference; includeInIndex = 1; lastKnownFileType = text.xcconfig; name = "Pods-planday.release.xcconfig"; path = "Target Support Files/Pods-planday/Pods-planday.release.xcconfig"; sourceTree = "<group>"; };
		ED0436C847C8B950AE068AA1 /* Pods-plandayTests.debug.xcconfig */ = {isa = PBXFileReference; includeInIndex = 1; lastKnownFileType = text.xcconfig; name = "Pods-plandayTests.debug.xcconfig"; path = "Target Support Files/Pods-plandayTests/Pods-plandayTests.debug.xcconfig"; sourceTree = "<group>"; };
		F47C1AEBACC1E8638D3FD906 /* Pods-planday-plandayUITests.release.xcconfig */ = {isa = PBXFileReference; includeInIndex = 1; lastKnownFileType = text.xcconfig; name = "Pods-planday-plandayUITests.release.xcconfig"; path = "Target Support Files/Pods-planday-plandayUITests/Pods-planday-plandayUITests.release.xcconfig"; sourceTree = "<group>"; };
/* End PBXFileReference section */

/* Begin PBXFrameworksBuildPhase section */
		4D96889525271D460020E981 /* Frameworks */ = {
			isa = PBXFrameworksBuildPhase;
			buildActionMask = 2147483647;
			files = (
				7BDBADE31A21287AE1229D02 /* Pods_planday.framework in Frameworks */,
			);
			runOnlyForDeploymentPostprocessing = 0;
		};
		4D9688AB25271D470020E981 /* Frameworks */ = {
			isa = PBXFrameworksBuildPhase;
			buildActionMask = 2147483647;
			files = (
				21A9B3990F39FE8363454C88 /* Pods_plandayTests.framework in Frameworks */,
			);
			runOnlyForDeploymentPostprocessing = 0;
		};
		4D9688B625271D470020E981 /* Frameworks */ = {
			isa = PBXFrameworksBuildPhase;
			buildActionMask = 2147483647;
			files = (
				8ED413A97DADA593D2010690 /* Pods_planday_plandayUITests.framework in Frameworks */,
			);
			runOnlyForDeploymentPostprocessing = 0;
		};
/* End PBXFrameworksBuildPhase section */

/* Begin PBXGroup section */
		4D2C686F253CDCE700B7DB26 /* viewmodel */ = {
			isa = PBXGroup;
			children = (
				4D2C687A253CDE2C00B7DB26 /* EmployeeService.swift */,
				4D2C6870253CDD6200B7DB26 /* EmployeeListViewModel.swift */,
				4D144D7125464A1A0005BFAC /* EmployeeDataViewModel.swift */,
			);
			path = viewmodel;
			sourceTree = "<group>";
		};
		4D96888F25271D460020E981 = {
			isa = PBXGroup;
			children = (
				4D2C686F253CDCE700B7DB26 /* viewmodel */,
				4DA8B2CF252FE6CC003AF6A9 /* extension.swift */,
				4D96889A25271D460020E981 /* planday */,
				4D9688B125271D470020E981 /* plandayTests */,
				4D9688BC25271D470020E981 /* plandayUITests */,
				4D96889925271D460020E981 /* Products */,
				BCC4554728665F270396BA34 /* Pods */,
				4FB03D214A1F99A38DDB84D3 /* Frameworks */,
			);
			sourceTree = "<group>";
		};
		4D96889925271D460020E981 /* Products */ = {
			isa = PBXGroup;
			children = (
				4D96889825271D460020E981 /* planday.app */,
				4D9688AE25271D470020E981 /* plandayTests.xctest */,
				4D9688B925271D470020E981 /* plandayUITests.xctest */,
			);
			name = Products;
			sourceTree = "<group>";
		};
		4D96889A25271D460020E981 /* planday */ = {
			isa = PBXGroup;
			children = (
				4D96889B25271D460020E981 /* AppDelegate.swift */,
				4D96889D25271D460020E981 /* SceneDelegate.swift */,
				4D9688EC252E261E0020E981 /* Model */,
				4D9688ED252E26490020E981 /* Control */,
				4D9688D825271EED0020E981 /* conf.swift */,
				4D9688EE252E26630020E981 /* View */,
				4D9688DD25271F640020E981 /* TokenInfo.swift */,
				4D9688A125271D460020E981 /* Main.storyboard */,
				4D2C68982543481C00B7DB26 /* DetailViewController.swift */,
				4D9688A425271D470020E981 /* Assets.xcassets */,
				4D9688A625271D470020E981 /* LaunchScreen.storyboard */,
				4D9688A925271D470020E981 /* Info.plist */,
			);
			path = planday;
			sourceTree = "<group>";
		};
		4D9688B125271D470020E981 /* plandayTests */ = {
			isa = PBXGroup;
			children = (
				4D9688B225271D470020E981 /* plandayTests.swift */,
				4D9688B425271D470020E981 /* Info.plist */,
			);
			path = plandayTests;
			sourceTree = "<group>";
		};
		4D9688BC25271D470020E981 /* plandayUITests */ = {
			isa = PBXGroup;
			children = (
				4D9688BD25271D470020E981 /* plandayUITests.swift */,
				4D9688BF25271D470020E981 /* Info.plist */,
			);
			path = plandayUITests;
			sourceTree = "<group>";
		};
		4D9688EC252E261E0020E981 /* Model */ = {
			isa = PBXGroup;
			children = (
				4D2C6875253CDE1600B7DB26 /* DepartmentsService.swift */,
				4DA8B2D4253549BD003AF6A9 /* EmployeeList.swift */,
				4D2C685A2539E78000B7DB26 /* DepartmentModel.swift */,
				4D2C689D2545FBC800B7DB26 /* EmployeeData.swift */,
				4D2C68AA2546049800B7DB26 /* EmployeeInfoService.swift */,
			);
			path = Model;
			sourceTree = "<group>";
		};
		4D9688ED252E26490020E981 /* Control */ = {
			isa = PBXGroup;
			children = (
				4D96889F25271D460020E981 /* ViewController.swift */,
			);
			path = Control;
			sourceTree = "<group>";
		};
		4D9688EE252E26630020E981 /* View */ = {
			isa = PBXGroup;
			children = (
				4D9688E2252D2BB50020E981 /* EmployeeCell.swift */,
			);
			path = View;
			sourceTree = "<group>";
		};
		4FB03D214A1F99A38DDB84D3 /* Frameworks */ = {
			isa = PBXGroup;
			children = (
				432482668A37576A875506C5 /* Pods_planday.framework */,
				48AE3C9401FC3F7726F61C7D /* Pods_planday_plandayUITests.framework */,
				4D1B6DBE6937DF67D5F4EB43 /* Pods_plandayTests.framework */,
			);
			name = Frameworks;
			sourceTree = "<group>";
		};
		BCC4554728665F270396BA34 /* Pods */ = {
			isa = PBXGroup;
			children = (
				874D7CC2DD096592D3DA3A5C /* Pods-planday.debug.xcconfig */,
				C12A75F314DF8D6649E82080 /* Pods-planday.release.xcconfig */,
				7B4FF6EEFB1D790BABA5C6FC /* Pods-planday-plandayUITests.debug.xcconfig */,
				F47C1AEBACC1E8638D3FD906 /* Pods-planday-plandayUITests.release.xcconfig */,
				ED0436C847C8B950AE068AA1 /* Pods-plandayTests.debug.xcconfig */,
				4607E926D3780EDC7D312F67 /* Pods-plandayTests.release.xcconfig */,
			);
			path = Pods;
			sourceTree = "<group>";
		};
/* End PBXGroup section */

/* Begin PBXNativeTarget section */
		4D96889725271D460020E981 /* planday */ = {
			isa = PBXNativeTarget;
			buildConfigurationList = 4D9688C225271D470020E981 /* Build configuration list for PBXNativeTarget "planday" */;
			buildPhases = (
				E7CE8AD5574E6A15AFAD137F /* [CP] Check Pods Manifest.lock */,
				4D96889425271D460020E981 /* Sources */,
				4D96889525271D460020E981 /* Frameworks */,
				4D96889625271D460020E981 /* Resources */,
				D4893B6A53FC423BDD24782E /* [CP] Embed Pods Frameworks */,
			);
			buildRules = (
			);
			dependencies = (
			);
			name = planday;
			productName = planday;
			productReference = 4D96889825271D460020E981 /* planday.app */;
			productType = "com.apple.product-type.application";
		};
		4D9688AD25271D470020E981 /* plandayTests */ = {
			isa = PBXNativeTarget;
			buildConfigurationList = 4D9688C525271D470020E981 /* Build configuration list for PBXNativeTarget "plandayTests" */;
			buildPhases = (
				A1A2C9D0C9D113121B9B57EF /* [CP] Check Pods Manifest.lock */,
				4D9688AA25271D470020E981 /* Sources */,
				4D9688AB25271D470020E981 /* Frameworks */,
				4D9688AC25271D470020E981 /* Resources */,
			);
			buildRules = (
			);
			dependencies = (
				4D9688B025271D470020E981 /* PBXTargetDependency */,
			);
			name = plandayTests;
			productName = plandayTests;
			productReference = 4D9688AE25271D470020E981 /* plandayTests.xctest */;
			productType = "com.apple.product-type.bundle.unit-test";
		};
		4D9688B825271D470020E981 /* plandayUITests */ = {
			isa = PBXNativeTarget;
			buildConfigurationList = 4D9688C825271D470020E981 /* Build configuration list for PBXNativeTarget "plandayUITests" */;
			buildPhases = (
				D32654290DCDDE2485EDFF6F /* [CP] Check Pods Manifest.lock */,
				4D9688B525271D470020E981 /* Sources */,
				4D9688B625271D470020E981 /* Frameworks */,
				4D9688B725271D470020E981 /* Resources */,
				4DF1E36F020FBE9A8ED7E1B7 /* [CP] Embed Pods Frameworks */,
			);
			buildRules = (
			);
			dependencies = (
				4D9688BB25271D470020E981 /* PBXTargetDependency */,
			);
			name = plandayUITests;
			productName = plandayUITests;
			productReference = 4D9688B925271D470020E981 /* plandayUITests.xctest */;
			productType = "com.apple.product-type.bundle.ui-testing";
		};
/* End PBXNativeTarget section */

/* Begin PBXProject section */
		4D96889025271D460020E981 /* Project object */ = {
			isa = PBXProject;
			attributes = {
				LastSwiftUpdateCheck = 1200;
				LastUpgradeCheck = 1200;
				TargetAttributes = {
					4D96889725271D460020E981 = {
						CreatedOnToolsVersion = 12.0;
					};
					4D9688AD25271D470020E981 = {
						CreatedOnToolsVersion = 12.0;
						TestTargetID = 4D96889725271D460020E981;
					};
					4D9688B825271D470020E981 = {
						CreatedOnToolsVersion = 12.0;
						TestTargetID = 4D96889725271D460020E981;
					};
				};
			};
			buildConfigurationList = 4D96889325271D460020E981 /* Build configuration list for PBXProject "planday" */;
			compatibilityVersion = "Xcode 9.3";
			developmentRegion = en;
			hasScannedForEncodings = 0;
			knownRegions = (
				en,
				Base,
			);
			mainGroup = 4D96888F25271D460020E981;
			productRefGroup = 4D96889925271D460020E981 /* Products */;
			projectDirPath = "";
			projectRoot = "";
			targets = (
				4D96889725271D460020E981 /* planday */,
				4D9688AD25271D470020E981 /* plandayTests */,
				4D9688B825271D470020E981 /* plandayUITests */,
			);
		};
/* End PBXProject section */

/* Begin PBXResourcesBuildPhase section */
		4D96889625271D460020E981 /* Resources */ = {
			isa = PBXResourcesBuildPhase;
			buildActionMask = 2147483647;
			files = (
				4D9688A825271D470020E981 /* LaunchScreen.storyboard in Resources */,
				4D9688A525271D470020E981 /* Assets.xcassets in Resources */,
				4D9688A325271D460020E981 /* Main.storyboard in Resources */,
			);
			runOnlyForDeploymentPostprocessing = 0;
		};
		4D9688AC25271D470020E981 /* Resources */ = {
			isa = PBXResourcesBuildPhase;
			buildActionMask = 2147483647;
			files = (
			);
			runOnlyForDeploymentPostprocessing = 0;
		};
		4D9688B725271D470020E981 /* Resources */ = {
			isa = PBXResourcesBuildPhase;
			buildActionMask = 2147483647;
			files = (
			);
			runOnlyForDeploymentPostprocessing = 0;
		};
/* End PBXResourcesBuildPhase section */

/* Begin PBXShellScriptBuildPhase section */
		4DF1E36F020FBE9A8ED7E1B7 /* [CP] Embed Pods Frameworks */ = {
			isa = PBXShellScriptBuildPhase;
			buildActionMask = 2147483647;
			files = (
			);
			inputFileListPaths = (
				"${PODS_ROOT}/Target Support Files/Pods-planday-plandayUITests/Pods-planday-plandayUITests-frameworks-${CONFIGURATION}-input-files.xcfilelist",
			);
			name = "[CP] Embed Pods Frameworks";
			outputFileListPaths = (
				"${PODS_ROOT}/Target Support Files/Pods-planday-plandayUITests/Pods-planday-plandayUITests-frameworks-${CONFIGURATION}-output-files.xcfilelist",
			);
			runOnlyForDeploymentPostprocessing = 0;
			shellPath = /bin/sh;
			shellScript = "\"${PODS_ROOT}/Target Support Files/Pods-planday-plandayUITests/Pods-planday-plandayUITests-frameworks.sh\"\n";
			showEnvVarsInLog = 0;
		};
		A1A2C9D0C9D113121B9B57EF /* [CP] Check Pods Manifest.lock */ = {
			isa = PBXShellScriptBuildPhase;
			buildActionMask = 2147483647;
			files = (
			);
			inputFileListPaths = (
			);
			inputPaths = (
				"${PODS_PODFILE_DIR_PATH}/Podfile.lock",
				"${PODS_ROOT}/Manifest.lock",
			);
			name = "[CP] Check Pods Manifest.lock";
			outputFileListPaths = (
			);
			outputPaths = (
				"$(DERIVED_FILE_DIR)/Pods-plandayTests-checkManifestLockResult.txt",
			);
			runOnlyForDeploymentPostprocessing = 0;
			shellPath = /bin/sh;
			shellScript = "diff \"${PODS_PODFILE_DIR_PATH}/Podfile.lock\" \"${PODS_ROOT}/Manifest.lock\" > /dev/null\nif [ $? != 0 ] ; then\n    # print error to STDERR\n    echo \"error: The sandbox is not in sync with the Podfile.lock. Run 'pod install' or update your CocoaPods installation.\" >&2\n    exit 1\nfi\n# This output is used by Xcode 'outputs' to avoid re-running this script phase.\necho \"SUCCESS\" > \"${SCRIPT_OUTPUT_FILE_0}\"\n";
			showEnvVarsInLog = 0;
		};
		D32654290DCDDE2485EDFF6F /* [CP] Check Pods Manifest.lock */ = {
			isa = PBXShellScriptBuildPhase;
			buildActionMask = 2147483647;
			files = (
			);
			inputFileListPaths = (
			);
			inputPaths = (
				"${PODS_PODFILE_DIR_PATH}/Podfile.lock",
				"${PODS_ROOT}/Manifest.lock",
			);
			name = "[CP] Check Pods Manifest.lock";
			outputFileListPaths = (
			);
			outputPaths = (
				"$(DERIVED_FILE_DIR)/Pods-planday-plandayUITests-checkManifestLockResult.txt",
			);
			runOnlyForDeploymentPostprocessing = 0;
			shellPath = /bin/sh;
			shellScript = "diff \"${PODS_PODFILE_DIR_PATH}/Podfile.lock\" \"${PODS_ROOT}/Manifest.lock\" > /dev/null\nif [ $? != 0 ] ; then\n    # print error to STDERR\n    echo \"error: The sandbox is not in sync with the Podfile.lock. Run 'pod install' or update your CocoaPods installation.\" >&2\n    exit 1\nfi\n# This output is used by Xcode 'outputs' to avoid re-running this script phase.\necho \"SUCCESS\" > \"${SCRIPT_OUTPUT_FILE_0}\"\n";
			showEnvVarsInLog = 0;
		};
		D4893B6A53FC423BDD24782E /* [CP] Embed Pods Frameworks */ = {
			isa = PBXShellScriptBuildPhase;
			buildActionMask = 2147483647;
			files = (
			);
			inputFileListPaths = (
				"${PODS_ROOT}/Target Support Files/Pods-planday/Pods-planday-frameworks-${CONFIGURATION}-input-files.xcfilelist",
			);
			name = "[CP] Embed Pods Frameworks";
			outputFileListPaths = (
				"${PODS_ROOT}/Target Support Files/Pods-planday/Pods-planday-frameworks-${CONFIGURATION}-output-files.xcfilelist",
			);
			runOnlyForDeploymentPostprocessing = 0;
			shellPath = /bin/sh;
			shellScript = "\"${PODS_ROOT}/Target Support Files/Pods-planday/Pods-planday-frameworks.sh\"\n";
			showEnvVarsInLog = 0;
		};
		E7CE8AD5574E6A15AFAD137F /* [CP] Check Pods Manifest.lock */ = {
			isa = PBXShellScriptBuildPhase;
			buildActionMask = 2147483647;
			files = (
			);
			inputFileListPaths = (
			);
			inputPaths = (
				"${PODS_PODFILE_DIR_PATH}/Podfile.lock",
				"${PODS_ROOT}/Manifest.lock",
			);
			name = "[CP] Check Pods Manifest.lock";
			outputFileListPaths = (
			);
			outputPaths = (
				"$(DERIVED_FILE_DIR)/Pods-planday-checkManifestLockResult.txt",
			);
			runOnlyForDeploymentPostprocessing = 0;
			shellPath = /bin/sh;
			shellScript = "diff \"${PODS_PODFILE_DIR_PATH}/Podfile.lock\" \"${PODS_ROOT}/Manifest.lock\" > /dev/null\nif [ $? != 0 ] ; then\n    # print error to STDERR\n    echo \"error: The sandbox is not in sync with the Podfile.lock. Run 'pod install' or update your CocoaPods installation.\" >&2\n    exit 1\nfi\n# This output is used by Xcode 'outputs' to avoid re-running this script phase.\necho \"SUCCESS\" > \"${SCRIPT_OUTPUT_FILE_0}\"\n";
			showEnvVarsInLog = 0;
		};
/* End PBXShellScriptBuildPhase section */

/* Begin PBXSourcesBuildPhase section */
		4D96889425271D460020E981 /* Sources */ = {
			isa = PBXSourcesBuildPhase;
			buildActionMask = 2147483647;
			files = (
				4D9688A025271D460020E981 /* ViewController.swift in Sources */,
				4D2C6871253CDD6200B7DB26 /* EmployeeListViewModel.swift in Sources */,
				4D96889C25271D460020E981 /* AppDelegate.swift in Sources */,
				4D2C68AB2546049800B7DB26 /* EmployeeInfoService.swift in Sources */,
				4D2C6876253CDE1600B7DB26 /* DepartmentsService.swift in Sources */,
				4D2C687B253CDE2C00B7DB26 /* EmployeeService.swift in Sources */,
				4D144D7225464A1A0005BFAC /* EmployeeDataViewModel.swift in Sources */,
				4DA8B2D0252FE6CC003AF6A9 /* extension.swift in Sources */,
				4D2C689E2545FBC800B7DB26 /* EmployeeData.swift in Sources */,
				4D96889E25271D460020E981 /* SceneDelegate.swift in Sources */,
				4DA8B2D5253549BD003AF6A9 /* EmployeeList.swift in Sources */,
				4D2C685B2539E78000B7DB26 /* DepartmentModel.swift in Sources */,
				4D9688E3252D2BB60020E981 /* EmployeeCell.swift in Sources */,
				4D9688DE25271F640020E981 /* TokenInfo.swift in Sources */,
				4D2C68992543481C00B7DB26 /* DetailViewController.swift in Sources */,
				4D9688D925271EED0020E981 /* conf.swift in Sources */,
			);
			runOnlyForDeploymentPostprocessing = 0;
		};
		4D9688AA25271D470020E981 /* Sources */ = {
			isa = PBXSourcesBuildPhase;
			buildActionMask = 2147483647;
			files = (
				4D9688B325271D470020E981 /* plandayTests.swift in Sources */,
			);
			runOnlyForDeploymentPostprocessing = 0;
		};
		4D9688B525271D470020E981 /* Sources */ = {
			isa = PBXSourcesBuildPhase;
			buildActionMask = 2147483647;
			files = (
				4D9688BE25271D470020E981 /* plandayUITests.swift in Sources */,
			);
			runOnlyForDeploymentPostprocessing = 0;
		};
/* End PBXSourcesBuildPhase section */

/* Begin PBXTargetDependency section */
		4D9688B025271D470020E981 /* PBXTargetDependency */ = {
			isa = PBXTargetDependency;
			target = 4D96889725271D460020E981 /* planday */;
			targetProxy = 4D9688AF25271D470020E981 /* PBXContainerItemProxy */;
		};
		4D9688BB25271D470020E981 /* PBXTargetDependency */ = {
			isa = PBXTargetDependency;
			target = 4D96889725271D460020E981 /* planday */;
			targetProxy = 4D9688BA25271D470020E981 /* PBXContainerItemProxy */;
		};
/* End PBXTargetDependency section */

/* Begin PBXVariantGroup section */
		4D9688A125271D460020E981 /* Main.storyboard */ = {
			isa = PBXVariantGroup;
			children = (
				4D9688A225271D460020E981 /* Base */,
			);
			name = Main.storyboard;
			sourceTree = "<group>";
		};
		4D9688A625271D470020E981 /* LaunchScreen.storyboard */ = {
			isa = PBXVariantGroup;
			children = (
				4D9688A725271D470020E981 /* Base */,
			);
			name = LaunchScreen.storyboard;
			sourceTree = "<group>";
		};
/* End PBXVariantGroup section */

/* Begin XCBuildConfiguration section */
		4D9688C025271D470020E981 /* Debug */ = {
			isa = XCBuildConfiguration;
			buildSettings = {
				ALWAYS_SEARCH_USER_PATHS = NO;
				CLANG_ANALYZER_NONNULL = YES;
				CLANG_ANALYZER_NUMBER_OBJECT_CONVERSION = YES_AGGRESSIVE;
				CLANG_CXX_LANGUAGE_STANDARD = "gnu++14";
				CLANG_CXX_LIBRARY = "libc++";
				CLANG_ENABLE_MODULES = YES;
				CLANG_ENABLE_OBJC_ARC = YES;
				CLANG_ENABLE_OBJC_WEAK = YES;
				CLANG_WARN_BLOCK_CAPTURE_AUTORELEASING = YES;
				CLANG_WARN_BOOL_CONVERSION = YES;
				CLANG_WARN_COMMA = YES;
				CLANG_WARN_CONSTANT_CONVERSION = YES;
				CLANG_WARN_DEPRECATED_OBJC_IMPLEMENTATIONS = YES;
				CLANG_WARN_DIRECT_OBJC_ISA_USAGE = YES_ERROR;
				CLANG_WARN_DOCUMENTATION_COMMENTS = YES;
				CLANG_WARN_EMPTY_BODY = YES;
				CLANG_WARN_ENUM_CONVERSION = YES;
				CLANG_WARN_INFINITE_RECURSION = YES;
				CLANG_WARN_INT_CONVERSION = YES;
				CLANG_WARN_NON_LITERAL_NULL_CONVERSION = YES;
				CLANG_WARN_OBJC_IMPLICIT_RETAIN_SELF = YES;
				CLANG_WARN_OBJC_LITERAL_CONVERSION = YES;
				CLANG_WARN_OBJC_ROOT_CLASS = YES_ERROR;
				CLANG_WARN_QUOTED_INCLUDE_IN_FRAMEWORK_HEADER = YES;
				CLANG_WARN_RANGE_LOOP_ANALYSIS = YES;
				CLANG_WARN_STRICT_PROTOTYPES = YES;
				CLANG_WARN_SUSPICIOUS_MOVE = YES;
				CLANG_WARN_UNGUARDED_AVAILABILITY = YES_AGGRESSIVE;
				CLANG_WARN_UNREACHABLE_CODE = YES;
				CLANG_WARN__DUPLICATE_METHOD_MATCH = YES;
				COPY_PHASE_STRIP = NO;
				DEBUG_INFORMATION_FORMAT = dwarf;
				ENABLE_STRICT_OBJC_MSGSEND = YES;
				ENABLE_TESTABILITY = YES;
				GCC_C_LANGUAGE_STANDARD = gnu11;
				GCC_DYNAMIC_NO_PIC = NO;
				GCC_NO_COMMON_BLOCKS = YES;
				GCC_OPTIMIZATION_LEVEL = 0;
				GCC_PREPROCESSOR_DEFINITIONS = (
					"DEBUG=1",
					"$(inherited)",
				);
				GCC_WARN_64_TO_32_BIT_CONVERSION = YES;
				GCC_WARN_ABOUT_RETURN_TYPE = YES_ERROR;
				GCC_WARN_UNDECLARED_SELECTOR = YES;
				GCC_WARN_UNINITIALIZED_AUTOS = YES_AGGRESSIVE;
				GCC_WARN_UNUSED_FUNCTION = YES;
				GCC_WARN_UNUSED_VARIABLE = YES;
				IPHONEOS_DEPLOYMENT_TARGET = 14.0;
				MTL_ENABLE_DEBUG_INFO = INCLUDE_SOURCE;
				MTL_FAST_MATH = YES;
				ONLY_ACTIVE_ARCH = YES;
				SDKROOT = iphoneos;
				SWIFT_ACTIVE_COMPILATION_CONDITIONS = DEBUG;
				SWIFT_OPTIMIZATION_LEVEL = "-Onone";
			};
			name = Debug;
		};
		4D9688C125271D470020E981 /* Release */ = {
			isa = XCBuildConfiguration;
			buildSettings = {
				ALWAYS_SEARCH_USER_PATHS = NO;
				CLANG_ANALYZER_NONNULL = YES;
				CLANG_ANALYZER_NUMBER_OBJECT_CONVERSION = YES_AGGRESSIVE;
				CLANG_CXX_LANGUAGE_STANDARD = "gnu++14";
				CLANG_CXX_LIBRARY = "libc++";
				CLANG_ENABLE_MODULES = YES;
				CLANG_ENABLE_OBJC_ARC = YES;
				CLANG_ENABLE_OBJC_WEAK = YES;
				CLANG_WARN_BLOCK_CAPTURE_AUTORELEASING = YES;
				CLANG_WARN_BOOL_CONVERSION = YES;
				CLANG_WARN_COMMA = YES;
				CLANG_WARN_CONSTANT_CONVERSION = YES;
				CLANG_WARN_DEPRECATED_OBJC_IMPLEMENTATIONS = YES;
				CLANG_WARN_DIRECT_OBJC_ISA_USAGE = YES_ERROR;
				CLANG_WARN_DOCUMENTATION_COMMENTS = YES;
				CLANG_WARN_EMPTY_BODY = YES;
				CLANG_WARN_ENUM_CONVERSION = YES;
				CLANG_WARN_INFINITE_RECURSION = YES;
				CLANG_WARN_INT_CONVERSION = YES;
				CLANG_WARN_NON_LITERAL_NULL_CONVERSION = YES;
				CLANG_WARN_OBJC_IMPLICIT_RETAIN_SELF = YES;
				CLANG_WARN_OBJC_LITERAL_CONVERSION = YES;
				CLANG_WARN_OBJC_ROOT_CLASS = YES_ERROR;
				CLANG_WARN_QUOTED_INCLUDE_IN_FRAMEWORK_HEADER = YES;
				CLANG_WARN_RANGE_LOOP_ANALYSIS = YES;
				CLANG_WARN_STRICT_PROTOTYPES = YES;
				CLANG_WARN_SUSPICIOUS_MOVE = YES;
				CLANG_WARN_UNGUARDED_AVAILABILITY = YES_AGGRESSIVE;
				CLANG_WARN_UNREACHABLE_CODE = YES;
				CLANG_WARN__DUPLICATE_METHOD_MATCH = YES;
				COPY_PHASE_STRIP = NO;
				DEBUG_INFORMATION_FORMAT = "dwarf-with-dsym";
				ENABLE_NS_ASSERTIONS = NO;
				ENABLE_STRICT_OBJC_MSGSEND = YES;
				GCC_C_LANGUAGE_STANDARD = gnu11;
				GCC_NO_COMMON_BLOCKS = YES;
				GCC_WARN_64_TO_32_BIT_CONVERSION = YES;
				GCC_WARN_ABOUT_RETURN_TYPE = YES_ERROR;
				GCC_WARN_UNDECLARED_SELECTOR = YES;
				GCC_WARN_UNINITIALIZED_AUTOS = YES_AGGRESSIVE;
				GCC_WARN_UNUSED_FUNCTION = YES;
				GCC_WARN_UNUSED_VARIABLE = YES;
				IPHONEOS_DEPLOYMENT_TARGET = 14.0;
				MTL_ENABLE_DEBUG_INFO = NO;
				MTL_FAST_MATH = YES;
				SDKROOT = iphoneos;
				SWIFT_COMPILATION_MODE = wholemodule;
				SWIFT_OPTIMIZATION_LEVEL = "-O";
				VALIDATE_PRODUCT = YES;
			};
			name = Release;
		};
		4D9688C325271D470020E981 /* Debug */ = {
			isa = XCBuildConfiguration;
			baseConfigurationReference = 874D7CC2DD096592D3DA3A5C /* Pods-planday.debug.xcconfig */;
			buildSettings = {
				ASSETCATALOG_COMPILER_APPICON_NAME = AppIcon;
				ASSETCATALOG_COMPILER_GLOBAL_ACCENT_COLOR_NAME = AccentColor;
				CODE_SIGN_STYLE = Automatic;
				DEVELOPMENT_TEAM = DGURF2U6QV;
				INFOPLIST_FILE = planday/Info.plist;
				LD_RUNPATH_SEARCH_PATHS = (
					"$(inherited)",
					"@executable_path/Frameworks",
				);
				PRODUCT_BUNDLE_IDENTIFIER = myself.planday;
				PRODUCT_NAME = "$(TARGET_NAME)";
				SWIFT_VERSION = 5.0;
				TARGETED_DEVICE_FAMILY = "1,2";
			};
			name = Debug;
		};
		4D9688C425271D470020E981 /* Release */ = {
			isa = XCBuildConfiguration;
			baseConfigurationReference = C12A75F314DF8D6649E82080 /* Pods-planday.release.xcconfig */;
			buildSettings = {
				ASSETCATALOG_COMPILER_APPICON_NAME = AppIcon;
				ASSETCATALOG_COMPILER_GLOBAL_ACCENT_COLOR_NAME = AccentColor;
				CODE_SIGN_STYLE = Automatic;
				DEVELOPMENT_TEAM = DGURF2U6QV;
				INFOPLIST_FILE = planday/Info.plist;
				LD_RUNPATH_SEARCH_PATHS = (
					"$(inherited)",
					"@executable_path/Frameworks",
				);
				PRODUCT_BUNDLE_IDENTIFIER = myself.planday;
				PRODUCT_NAME = "$(TARGET_NAME)";
				SWIFT_VERSION = 5.0;
				TARGETED_DEVICE_FAMILY = "1,2";
			};
			name = Release;
		};
		4D9688C625271D470020E981 /* Debug */ = {
			isa = XCBuildConfiguration;
			baseConfigurationReference = ED0436C847C8B950AE068AA1 /* Pods-plandayTests.debug.xcconfig */;
			buildSettings = {
				ALWAYS_EMBED_SWIFT_STANDARD_LIBRARIES = YES;
				BUNDLE_LOADER = "$(TEST_HOST)";
				CODE_SIGN_STYLE = Automatic;
				DEVELOPMENT_TEAM = DGURF2U6QV;
				INFOPLIST_FILE = plandayTests/Info.plist;
				IPHONEOS_DEPLOYMENT_TARGET = 14.0;
				LD_RUNPATH_SEARCH_PATHS = (
					"$(inherited)",
					"@executable_path/Frameworks",
					"@loader_path/Frameworks",
				);
				PRODUCT_BUNDLE_IDENTIFIER = myself.plandayTests;
				PRODUCT_NAME = "$(TARGET_NAME)";
				SWIFT_VERSION = 5.0;
				TARGETED_DEVICE_FAMILY = "1,2";
				TEST_HOST = "$(BUILT_PRODUCTS_DIR)/planday.app/planday";
			};
			name = Debug;
		};
		4D9688C725271D470020E981 /* Release */ = {
			isa = XCBuildConfiguration;
			baseConfigurationReference = 4607E926D3780EDC7D312F67 /* Pods-plandayTests.release.xcconfig */;
			buildSettings = {
				ALWAYS_EMBED_SWIFT_STANDARD_LIBRARIES = YES;
				BUNDLE_LOADER = "$(TEST_HOST)";
				CODE_SIGN_STYLE = Automatic;
				DEVELOPMENT_TEAM = DGURF2U6QV;
				INFOPLIST_FILE = plandayTests/Info.plist;
				IPHONEOS_DEPLOYMENT_TARGET = 14.0;
				LD_RUNPATH_SEARCH_PATHS = (
					"$(inherited)",
					"@executable_path/Frameworks",
					"@loader_path/Frameworks",
				);
				PRODUCT_BUNDLE_IDENTIFIER = myself.plandayTests;
				PRODUCT_NAME = "$(TARGET_NAME)";
				SWIFT_VERSION = 5.0;
				TARGETED_DEVICE_FAMILY = "1,2";
				TEST_HOST = "$(BUILT_PRODUCTS_DIR)/planday.app/planday";
			};
			name = Release;
		};
		4D9688C925271D470020E981 /* Debug */ = {
			isa = XCBuildConfiguration;
			baseConfigurationReference = 7B4FF6EEFB1D790BABA5C6FC /* Pods-planday-plandayUITests.debug.xcconfig */;
			buildSettings = {
				ALWAYS_EMBED_SWIFT_STANDARD_LIBRARIES = YES;
				CODE_SIGN_STYLE = Automatic;
				DEVELOPMENT_TEAM = DGURF2U6QV;
				INFOPLIST_FILE = plandayUITests/Info.plist;
				LD_RUNPATH_SEARCH_PATHS = (
					"$(inherited)",
					"@executable_path/Frameworks",
					"@loader_path/Frameworks",
				);
				PRODUCT_BUNDLE_IDENTIFIER = myself.plandayUITests;
				PRODUCT_NAME = "$(TARGET_NAME)";
				SWIFT_VERSION = 5.0;
				TARGETED_DEVICE_FAMILY = "1,2";
				TEST_TARGET_NAME = planday;
			};
			name = Debug;
		};
		4D9688CA25271D470020E981 /* Release */ = {
			isa = XCBuildConfiguration;
			baseConfigurationReference = F47C1AEBACC1E8638D3FD906 /* Pods-planday-plandayUITests.release.xcconfig */;
			buildSettings = {
				ALWAYS_EMBED_SWIFT_STANDARD_LIBRARIES = YES;
				CODE_SIGN_STYLE = Automatic;
				DEVELOPMENT_TEAM = DGURF2U6QV;
				INFOPLIST_FILE = plandayUITests/Info.plist;
				LD_RUNPATH_SEARCH_PATHS = (
					"$(inherited)",
					"@executable_path/Frameworks",
					"@loader_path/Frameworks",
				);
				PRODUCT_BUNDLE_IDENTIFIER = myself.plandayUITests;
				PRODUCT_NAME = "$(TARGET_NAME)";
				SWIFT_VERSION = 5.0;
				TARGETED_DEVICE_FAMILY = "1,2";
				TEST_TARGET_NAME = planday;
			};
			name = Release;
		};
/* End XCBuildConfiguration section */

/* Begin XCConfigurationList section */
		4D96889325271D460020E981 /* Build configuration list for PBXProject "planday" */ = {
			isa = XCConfigurationList;
			buildConfigurations = (
				4D9688C025271D470020E981 /* Debug */,
				4D9688C125271D470020E981 /* Release */,
			);
			defaultConfigurationIsVisible = 0;
			defaultConfigurationName = Release;
		};
		4D9688C225271D470020E981 /* Build configuration list for PBXNativeTarget "planday" */ = {
			isa = XCConfigurationList;
			buildConfigurations = (
				4D9688C325271D470020E981 /* Debug */,
				4D9688C425271D470020E981 /* Release */,
			);
			defaultConfigurationIsVisible = 0;
			defaultConfigurationName = Release;
		};
		4D9688C525271D470020E981 /* Build configuration list for PBXNativeTarget "plandayTests" */ = {
			isa = XCConfigurationList;
			buildConfigurations = (
				4D9688C625271D470020E981 /* Debug */,
				4D9688C725271D470020E981 /* Release */,
			);
			defaultConfigurationIsVisible = 0;
			defaultConfigurationName = Release;
		};
		4D9688C825271D470020E981 /* Build configuration list for PBXNativeTarget "plandayUITests" */ = {
			isa = XCConfigurationList;
			buildConfigurations = (
				4D9688C925271D470020E981 /* Debug */,
				4D9688CA25271D470020E981 /* Release */,
			);
			defaultConfigurationIsVisible = 0;
			defaultConfigurationName = Release;
		};
/* End XCConfigurationList section */
	};
	rootObject = 4D96889025271D460020E981 /* Project object */;
}
